{
  "originHash" : "61a1b60fa7aec81f9c4fd48f559239c5ee15f43ac72e5ac5d892c9705ade08da",
  "pins" : [
    {
      "identity" : "approuter",
      "kind" : "remoteSourceControl",
      "location" : "https://github.com/dimillian/AppRouter.git",
      "state" : {
        "revision" : "45dc8c4f3320c4a5e08b00a93d832fea036a7545",
        "version" : "1.0.4"
      }
    },
    {
      "identity" : "codable-macro",
      "kind" : "remoteSourceControl",
      "location" : "https://github.com/schibsted/codable-macro",
      "state" : {
        "revision" : "0c33d89e0d433f5227e66ce207b16795b67f255f",
        "version" : "1.1.0"
      }
    },
    {
      "identity" : "codescanner",
      "kind" : "remoteSourceControl",
      "location" : "https://github.com/twostraws/CodeScanner/",
      "state" : {
        "revision" : "5e886430238944c7200fc9e10dbf2d9550dba865",
        "version" : "2.5.2"
      }
    },
    {
      "identity" : "swift-syntax-xcframeworks",
      "kind" : "remoteSourceControl",
      "location" : "https://github.com/schibsted/swift-syntax-xcframeworks.git",
      "state" : {
        "revision" : "f85d4fcb36469f494f765b51d4e30045b3f49a8c",
        "version" : "600.0.1"
      }
    }
  ],
  "version" : 3
}
