{
  "originHash" : "8ed4f9ba62041297d252be99b12e6d9266ed50f0c4bbe63ad95eadcfddddf24b",
  "pins" : [
    {
      "identity" : "approuter",
      "kind" : "remoteSourceControl",
      "location" : "https://github.com/dimillian/AppRouter.git",
      "state" : {
        "revision" : "45dc8c4f3320c4a5e08b00a93d832fea036a7545",
        "version" : "1.0.4"
      }
    },
    {
      "identity" : "codable-macro",
      "kind" : "remoteSourceControl",
      "location" : "https://github.com/schibsted/codable-macro",
      "state" : {
        "revision" : "0c33d89e0d433f5227e66ce207b16795b67f255f",
        "version" : "1.1.0"
      }
    },
    {
      "identity" : "codescanner",
      "kind" : "remoteSourceControl",
      "location" : "https://github.com/twostraws/CodeScanner/",
      "state" : {
        "revision" : "5e886430238944c7200fc9e10dbf2d9550dba865",
        "version" : "2.5.2"
      }
    },
    {
      "identity" : "customalert",
      "kind" : "remoteSourceControl",
      "location" : "https://github.com/divadretlaw/CustomAlert.git",
      "state" : {
        "revision" : "5353504ada673a613c3c85e6e75595cc06842d61",
        "version" : "6.0.1"
      }
    },
    {
      "identity" : "swift-syntax-xcframeworks",
      "kind" : "remoteSourceControl",
      "location" : "https://github.com/schibsted/swift-syntax-xcframeworks.git",
      "state" : {
        "revision" : "f85d4fcb36469f494f765b51d4e30045b3f49a8c",
        "version" : "600.0.1"
      }
    },
    {
      "identity" : "windowkit",
      "kind" : "remoteSourceControl",
      "location" : "https://github.com/divadretlaw/WindowKit",
      "state" : {
        "revision" : "77ca257a2e4534361cd70078032ccf259a4aee04",
        "version" : "3.0.2"
      }
    },
    {
      "identity" : "windowreader",
      "kind" : "remoteSourceControl",
      "location" : "https://github.com/divadretlaw/WindowReader",
      "state" : {
        "revision" : "58ff2db81e17fd39d40c325dafd8b962c363ad5f",
        "version" : "3.1.0"
      }
    },
    {
      "identity" : "windowscenereader",
      "kind" : "remoteSourceControl",
      "location" : "https://github.com/divadretlaw/WindowSceneReader",
      "state" : {
        "revision" : "35441047ff4134838a884a30d613cfbd6291a5fa",
        "version" : "3.3.0"
      }
    }
  ],
  "version" : 3
}
