{
  "originHash" : "f00f2238007bff76521d1de9f452eafd8892be73692f9a8d6d9a11bda65cf77e",
  "pins" : [
    {
      "identity" : "codable-macro",
      "kind" : "remoteSourceControl",
      "location" : "https://github.com/schibsted/codable-macro.git",
      "state" : {
        "revision" : "0c33d89e0d433f5227e66ce207b16795b67f255f",
        "version" : "1.1.0"
      }
    },
    {
      "identity" : "swift-syntax-xcframeworks",
      "kind" : "remoteSourceControl",
      "location" : "https://github.com/schibsted/swift-syntax-xcframeworks.git",
      "state" : {
        "revision" : "f85d4fcb36469f494f765b51d4e30045b3f49a8c",
        "version" : "600.0.1"
      }
    }
  ],
  "version" : 3
}
